
Microsoft Visual Studio Solution File, Format Version 12.00
# Visual Studio 15
VisualStudioVersion = 15.0.28307.852
MinimumVisualStudioVersion = 10.0.40219.1
Project("{F184B08F-C81C-45F6-A57F-5ABD9991F28F}") = "UiPathTestApp", "UiPathTestApp\UiPathTestApp.vbproj", "{ABBC22EE-0BA2-4021-82C8-1E3FC01AEDB8}"
EndProject
Global
	GlobalSection(SolutionConfigurationPlatforms) = preSolution
		Debug|Any CPU = Debug|Any CPU
		Release|Any CPU = Release|Any CPU
	EndGlobalSection
	GlobalSection(ProjectConfigurationPlatforms) = postSolution
		{ABBC22EE-0BA2-4021-82C8-1E3FC01AEDB8}.Debug|Any CPU.ActiveCfg = Debug|Any CPU
		{ABBC22EE-0BA2-4021-82C8-1E3FC01AEDB8}.Debug|Any CPU.Build.0 = Debug|Any CPU
		{ABBC22EE-0BA2-4021-82C8-1E3FC01AEDB8}.Release|Any CPU.ActiveCfg = Release|Any CPU
		{ABBC22EE-0BA2-4021-82C8-1E3FC01AEDB8}.Release|Any CPU.Build.0 = Release|Any CPU
	EndGlobalSection
	GlobalSection(SolutionProperties) = preSolution
		HideSolutionNode = FALSE
	EndGlobalSection
	GlobalSection(ExtensibilityGlobals) = postSolution
		SolutionGuid = {9931F7D9-6AD9-4FA3-9278-47DD0FD5F8E1}
	EndGlobalSection
EndGlobal
